
Microsoft Visual Studio Solution File, Format Version 12.00
# Visual Studio 15
VisualStudioVersion = 15.0.28307.1267
MinimumVisualStudioVersion = 10.0.40219.1
Project("{FAE04EC0-301F-11D3-BF4B-00C04F79EFBC}") = "App_Supermercado", "App_Supermercado\App_Supermercado.csproj", "{6C533825-7188-471E-ABA0-2C16DDE906A1}"
EndProject
Project("{FAE04EC0-301F-11D3-BF4B-00C04F79EFBC}") = "LibClases", "LibClases\LibClases.csproj", "{5D85006B-5F1A-4E4B-9E8A-BA480483621F}"
EndProject
Project("{FAE04EC0-301F-11D3-BF4B-00C04F79EFBC}") = "LibFormularios", "LibFormularios\LibFormularios.csproj", "{AEF00389-6FAF-4074-A26A-33BFC7CEC2DE}"
EndProject
Global
	GlobalSection(SolutionConfigurationPlatforms) = preSolution
		Debug|Any CPU = Debug|Any CPU
		Release|Any CPU = Release|Any CPU
	EndGlobalSection
	GlobalSection(ProjectConfigurationPlatforms) = postSolution
		{6C533825-7188-471E-ABA0-2C16DDE906A1}.Debug|Any CPU.ActiveCfg = Debug|Any CPU
		{6C533825-7188-471E-ABA0-2C16DDE906A1}.Debug|Any CPU.Build.0 = Debug|Any CPU
		{6C533825-7188-471E-ABA0-2C16DDE906A1}.Release|Any CPU.ActiveCfg = Release|Any CPU
		{6C533825-7188-471E-ABA0-2C16DDE906A1}.Release|Any CPU.Build.0 = Release|Any CPU
		{5D85006B-5F1A-4E4B-9E8A-BA480483621F}.Debug|Any CPU.ActiveCfg = Debug|Any CPU
		{5D85006B-5F1A-4E4B-9E8A-BA480483621F}.Debug|Any CPU.Build.0 = Debug|Any CPU
		{5D85006B-5F1A-4E4B-9E8A-BA480483621F}.Release|Any CPU.ActiveCfg = Release|Any CPU
		{5D85006B-5F1A-4E4B-9E8A-BA480483621F}.Release|Any CPU.Build.0 = Release|Any CPU
		{AEF00389-6FAF-4074-A26A-33BFC7CEC2DE}.Debug|Any CPU.ActiveCfg = Debug|Any CPU
		{AEF00389-6FAF-4074-A26A-33BFC7CEC2DE}.Debug|Any CPU.Build.0 = Debug|Any CPU
		{AEF00389-6FAF-4074-A26A-33BFC7CEC2DE}.Release|Any CPU.ActiveCfg = Release|Any CPU
		{AEF00389-6FAF-4074-A26A-33BFC7CEC2DE}.Release|Any CPU.Build.0 = Release|Any CPU
	EndGlobalSection
	GlobalSection(SolutionProperties) = preSolution
		HideSolutionNode = FALSE
	EndGlobalSection
	GlobalSection(ExtensibilityGlobals) = postSolution
		SolutionGuid = {89B2C377-AD31-4BAC-9C25-0965803F96ED}
	EndGlobalSection
EndGlobal
